
Microsoft Visual Studio Solution File, Format Version 12.00
# Visual Studio Version 17
VisualStudioVersion = 17.11.35312.102
MinimumVisualStudioVersion = 10.0.40219.1
Project("{9A19103F-16F7-4668-BE54-9A1E7A4F7556}") = "WebAppSignalR", "WebAppSignalR\WebAppSignalR.csproj", "{035C9DC0-0BEB-47F7-A50A-60C29EAA0C1E}"
EndProject
Project("{FAE04EC0-301F-11D3-BF4B-00C04F79EFBC}") = "WebAppWeb", "WebAppWeb\WebAppWeb.csproj", "{F5C1BF26-16AB-43C8-AC99-D5DBDFDE8C7C}"
EndProject
Global
	GlobalSection(SolutionConfigurationPlatforms) = preSolution
		Debug|Any CPU = Debug|Any CPU
		Release|Any CPU = Release|Any CPU
	EndGlobalSection
	GlobalSection(ProjectConfigurationPlatforms) = postSolution
		{035C9DC0-0BEB-47F7-A50A-60C29EAA0C1E}.Debug|Any CPU.ActiveCfg = Debug|Any CPU
		{035C9DC0-0BEB-47F7-A50A-60C29EAA0C1E}.Debug|Any CPU.Build.0 = Debug|Any CPU
		{035C9DC0-0BEB-47F7-A50A-60C29EAA0C1E}.Release|Any CPU.ActiveCfg = Release|Any CPU
		{035C9DC0-0BEB-47F7-A50A-60C29EAA0C1E}.Release|Any CPU.Build.0 = Release|Any CPU
		{F5C1BF26-16AB-43C8-AC99-D5DBDFDE8C7C}.Debug|Any CPU.ActiveCfg = Debug|Any CPU
		{F5C1BF26-16AB-43C8-AC99-D5DBDFDE8C7C}.Debug|Any CPU.Build.0 = Debug|Any CPU
		{F5C1BF26-16AB-43C8-AC99-D5DBDFDE8C7C}.Release|Any CPU.ActiveCfg = Release|Any CPU
		{F5C1BF26-16AB-43C8-AC99-D5DBDFDE8C7C}.Release|Any CPU.Build.0 = Release|Any CPU
	EndGlobalSection
	GlobalSection(SolutionProperties) = preSolution
		HideSolutionNode = FALSE
	EndGlobalSection
	GlobalSection(ExtensibilityGlobals) = postSolution
		SolutionGuid = {AC4C7DE5-CFB4-487A-B85A-D28A9558A4DF}
	EndGlobalSection
EndGlobal
